
Microsoft Visual Studio Solution File, Format Version 12.00
# Visual Studio Version 17
VisualStudioVersion = 17.11.35222.181
MinimumVisualStudioVersion = 10.0.40219.1
Project("{9A19103F-16F7-4668-BE54-9A1E7A4F7556}") = "API", "API\API.csproj", "{66817B23-962E-43DA-BD05-4F93C6B770C2}"
EndProject
Project("{FAE04EC0-301F-11D3-BF4B-00C04F79EFBC}") = "Services", "Services\Services.csproj", "{080238EB-1C37-4DC9-AA3E-5B1D364327F2}"
EndProject
Project("{FAE04EC0-301F-11D3-BF4B-00C04F79EFBC}") = "Repos", "Repos\Repos.csproj", "{7FCF4AAA-B038-4C4D-AA63-C99B550F742D}"
EndProject
Project("{FAE04EC0-301F-11D3-BF4B-00C04F79EFBC}") = "Core", "Core\Core.csproj", "{CE30BB5F-450B-4CB0-906C-13CB843979C3}"
EndProject
Global
	GlobalSection(SolutionConfigurationPlatforms) = preSolution
		Debug|Any CPU = Debug|Any CPU
		Release|Any CPU = Release|Any CPU
	EndGlobalSection
	GlobalSection(ProjectConfigurationPlatforms) = postSolution
		{66817B23-962E-43DA-BD05-4F93C6B770C2}.Debug|Any CPU.ActiveCfg = Debug|Any CPU
		{66817B23-962E-43DA-BD05-4F93C6B770C2}.Debug|Any CPU.Build.0 = Debug|Any CPU
		{66817B23-962E-43DA-BD05-4F93C6B770C2}.Release|Any CPU.ActiveCfg = Release|Any CPU
		{66817B23-962E-43DA-BD05-4F93C6B770C2}.Release|Any CPU.Build.0 = Release|Any CPU
		{080238EB-1C37-4DC9-AA3E-5B1D364327F2}.Debug|Any CPU.ActiveCfg = Debug|Any CPU
		{080238EB-1C37-4DC9-AA3E-5B1D364327F2}.Debug|Any CPU.Build.0 = Debug|Any CPU
		{080238EB-1C37-4DC9-AA3E-5B1D364327F2}.Release|Any CPU.ActiveCfg = Release|Any CPU
		{080238EB-1C37-4DC9-AA3E-5B1D364327F2}.Release|Any CPU.Build.0 = Release|Any CPU
		{7FCF4AAA-B038-4C4D-AA63-C99B550F742D}.Debug|Any CPU.ActiveCfg = Debug|Any CPU
		{7FCF4AAA-B038-4C4D-AA63-C99B550F742D}.Debug|Any CPU.Build.0 = Debug|Any CPU
		{7FCF4AAA-B038-4C4D-AA63-C99B550F742D}.Release|Any CPU.ActiveCfg = Release|Any CPU
		{7FCF4AAA-B038-4C4D-AA63-C99B550F742D}.Release|Any CPU.Build.0 = Release|Any CPU
		{CE30BB5F-450B-4CB0-906C-13CB843979C3}.Debug|Any CPU.ActiveCfg = Debug|Any CPU
		{CE30BB5F-450B-4CB0-906C-13CB843979C3}.Debug|Any CPU.Build.0 = Debug|Any CPU
		{CE30BB5F-450B-4CB0-906C-13CB843979C3}.Release|Any CPU.ActiveCfg = Release|Any CPU
		{CE30BB5F-450B-4CB0-906C-13CB843979C3}.Release|Any CPU.Build.0 = Release|Any CPU
	EndGlobalSection
	GlobalSection(SolutionProperties) = preSolution
		HideSolutionNode = FALSE
	EndGlobalSection
	GlobalSection(ExtensibilityGlobals) = postSolution
		SolutionGuid = {A3B806A3-DB19-4D53-B9B7-CA8A90273C24}
	EndGlobalSection
EndGlobal
